
Microsoft Visual Studio Solution File, Format Version 12.00
# Visual Studio 14
VisualStudioVersion = 14.0.25420.1
MinimumVisualStudioVersion = 10.0.40219.1
Project("{FAE04EC0-301F-11D3-BF4B-00C04F79EFBC}") = "01_Interfaces_And_Abstraction_Lab", "01_Interfaces_And_Abstraction_Lab\01_Interfaces_And_Abstraction_Lab.csproj", "{3FE93DF7-5D25-42E7-AD5F-EF81AFA0E30E}"
EndProject
Project("{FAE04EC0-301F-11D3-BF4B-00C04F79EFBC}") = "02_Interfaces_And_Abstraction_Exercises", "02_Interfaces_And_Abstraction_Exercises\02_Interfaces_And_Abstraction_Exercises.csproj", "{F6F4C89F-02F2-4439-8173-F2D2287FE664}"
EndProject
Project("{FAE04EC0-301F-11D3-BF4B-00C04F79EFBC}") = "03_Generics_Lab", "03_Generics_Lab\03_Generics_Lab.csproj", "{92A96FB9-DD1C-42E0-9C34-3A0C47873E2F}"
EndProject
Project("{FAE04EC0-301F-11D3-BF4B-00C04F79EFBC}") = "04_Generics_Exercises", "04_Generics_Exercises\04_Generics_Exercises.csproj", "{25162669-F1F3-4D1F-8A5F-4433718B6211}"
EndProject
Project("{FAE04EC0-301F-11D3-BF4B-00C04F79EFBC}") = "05_Iterators_And_Comparators_Lab", "05_Iterators_And_Comparators_Lab\05_Iterators_And_Comparators_Lab.csproj", "{8439FE08-B341-4E8D-9446-11EAB4F98051}"
EndProject
Project("{FAE04EC0-301F-11D3-BF4B-00C04F79EFBC}") = "06_Iterators_And_Comparators_Exercises", "06_Iterators_And_Comparators_Exercises\06_Iterators_And_Comparators_Exercises.csproj", "{110AD3FF-9076-46A5-9546-4C89D0844748}"
EndProject
Project("{FAE04EC0-301F-11D3-BF4B-00C04F79EFBC}") = "07_Enumerations_And_Attributes_Lab", "07_Enumerations_And_Attributes_Lab\07_Enumerations_And_Attributes_Lab.csproj", "{5F874959-B75A-4779-AA33-5213260612D4}"
EndProject
Global
	GlobalSection(SolutionConfigurationPlatforms) = preSolution
		Debug|Any CPU = Debug|Any CPU
		Release|Any CPU = Release|Any CPU
	EndGlobalSection
	GlobalSection(ProjectConfigurationPlatforms) = postSolution
		{3FE93DF7-5D25-42E7-AD5F-EF81AFA0E30E}.Debug|Any CPU.ActiveCfg = Debug|Any CPU
		{3FE93DF7-5D25-42E7-AD5F-EF81AFA0E30E}.Debug|Any CPU.Build.0 = Debug|Any CPU
		{3FE93DF7-5D25-42E7-AD5F-EF81AFA0E30E}.Release|Any CPU.ActiveCfg = Release|Any CPU
		{3FE93DF7-5D25-42E7-AD5F-EF81AFA0E30E}.Release|Any CPU.Build.0 = Release|Any CPU
		{F6F4C89F-02F2-4439-8173-F2D2287FE664}.Debug|Any CPU.ActiveCfg = Debug|Any CPU
		{F6F4C89F-02F2-4439-8173-F2D2287FE664}.Debug|Any CPU.Build.0 = Debug|Any CPU
		{F6F4C89F-02F2-4439-8173-F2D2287FE664}.Release|Any CPU.ActiveCfg = Release|Any CPU
		{F6F4C89F-02F2-4439-8173-F2D2287FE664}.Release|Any CPU.Build.0 = Release|Any CPU
		{92A96FB9-DD1C-42E0-9C34-3A0C47873E2F}.Debug|Any CPU.ActiveCfg = Debug|Any CPU
		{92A96FB9-DD1C-42E0-9C34-3A0C47873E2F}.Debug|Any CPU.Build.0 = Debug|Any CPU
		{92A96FB9-DD1C-42E0-9C34-3A0C47873E2F}.Release|Any CPU.ActiveCfg = Release|Any CPU
		{92A96FB9-DD1C-42E0-9C34-3A0C47873E2F}.Release|Any CPU.Build.0 = Release|Any CPU
		{25162669-F1F3-4D1F-8A5F-4433718B6211}.Debug|Any CPU.ActiveCfg = Debug|Any CPU
		{25162669-F1F3-4D1F-8A5F-4433718B6211}.Debug|Any CPU.Build.0 = Debug|Any CPU
		{25162669-F1F3-4D1F-8A5F-4433718B6211}.Release|Any CPU.ActiveCfg = Release|Any CPU
		{25162669-F1F3-4D1F-8A5F-4433718B6211}.Release|Any CPU.Build.0 = Release|Any CPU
		{8439FE08-B341-4E8D-9446-11EAB4F98051}.Debug|Any CPU.ActiveCfg = Debug|Any CPU
		{8439FE08-B341-4E8D-9446-11EAB4F98051}.Debug|Any CPU.Build.0 = Debug|Any CPU
		{8439FE08-B341-4E8D-9446-11EAB4F98051}.Release|Any CPU.ActiveCfg = Release|Any CPU
		{8439FE08-B341-4E8D-9446-11EAB4F98051}.Release|Any CPU.Build.0 = Release|Any CPU
		{110AD3FF-9076-46A5-9546-4C89D0844748}.Debug|Any CPU.ActiveCfg = Debug|Any CPU
		{110AD3FF-9076-46A5-9546-4C89D0844748}.Debug|Any CPU.Build.0 = Debug|Any CPU
		{110AD3FF-9076-46A5-9546-4C89D0844748}.Release|Any CPU.ActiveCfg = Release|Any CPU
		{110AD3FF-9076-46A5-9546-4C89D0844748}.Release|Any CPU.Build.0 = Release|Any CPU
		{5F874959-B75A-4779-AA33-5213260612D4}.Debug|Any CPU.ActiveCfg = Debug|Any CPU
		{5F874959-B75A-4779-AA33-5213260612D4}.Debug|Any CPU.Build.0 = Debug|Any CPU
		{5F874959-B75A-4779-AA33-5213260612D4}.Release|Any CPU.ActiveCfg = Release|Any CPU
		{5F874959-B75A-4779-AA33-5213260612D4}.Release|Any CPU.Build.0 = Release|Any CPU
	EndGlobalSection
	GlobalSection(SolutionProperties) = preSolution
		HideSolutionNode = FALSE
	EndGlobalSection
EndGlobal
