
Microsoft Visual Studio Solution File, Format Version 12.00
# Visual Studio 14
VisualStudioVersion = 14.0.25420.1
MinimumVisualStudioVersion = 10.0.40219.1
Project("{FAE04EC0-301F-11D3-BF4B-00C04F79EFBC}") = "01_Interfaces_And_Abstraction_Lab", "01_Interfaces_And_Abstraction_Lab\01_Interfaces_And_Abstraction_Lab.csproj", "{3FE93DF7-5D25-42E7-AD5F-EF81AFA0E30E}"
EndProject
Project("{FAE04EC0-301F-11D3-BF4B-00C04F79EFBC}") = "02_Interfaces_And_Abstraction_Exercises", "02_Interfaces_And_Abstraction_Exercises\02_Interfaces_And_Abstraction_Exercises.csproj", "{F6F4C89F-02F2-4439-8173-F2D2287FE664}"
EndProject
Project("{FAE04EC0-301F-11D3-BF4B-00C04F79EFBC}") = "03_Generics_Lab", "03_Generics_Lab\03_Generics_Lab.csproj", "{92A96FB9-DD1C-42E0-9C34-3A0C47873E2F}"
EndProject
Project("{FAE04EC0-301F-11D3-BF4B-00C04F79EFBC}") = "04_Generics_Exercises", "04_Generics_Exercises\04_Generics_Exercises.csproj", "{25162669-F1F3-4D1F-8A5F-4433718B6211}"
EndProject
Project("{FAE04EC0-301F-11D3-BF4B-00C04F79EFBC}") = "05_Iterators_And_Comparators_Lab", "05_Iterators_And_Comparators_Lab\05_Iterators_And_Comparators_Lab.csproj", "{8439FE08-B341-4E8D-9446-11EAB4F98051}"
EndProject
Project("{FAE04EC0-301F-11D3-BF4B-00C04F79EFBC}") = "06_Iterators_And_Comparators_Exercises", "06_Iterators_And_Comparators_Exercises\06_Iterators_And_Comparators_Exercises.csproj", "{110AD3FF-9076-46A5-9546-4C89D0844748}"
EndProject
Project("{FAE04EC0-301F-11D3-BF4B-00C04F79EFBC}") = "07_Enumerations_And_Attributes_Lab", "07_Enumerations_And_Attributes_Lab\07_Enumerations_And_Attributes_Lab.csproj", "{5F874959-B75A-4779-AA33-5213260612D4}"
EndProject
Project("{FAE04EC0-301F-11D3-BF4B-00C04F79EFBC}") = "08_Enumerations_And_Attributes_Exercises", "08_Enumerations_And_Attributes_Exercises\08_Enumerations_And_Attributes_Exercises.csproj", "{161D8476-D75A-40E7-9C2B-EFD7F9A47B08}"
EndProject
Project("{FAE04EC0-301F-11D3-BF4B-00C04F79EFBC}") = "09_Reflection_Lab", "09_Reflection_Lab\09_Reflection_Lab.csproj", "{C282123C-AF77-4014-BC64-B412A7F5CE0E}"
EndProject
Project("{FAE04EC0-301F-11D3-BF4B-00C04F79EFBC}") = "10_Reflection_Exercises", "10_Reflection_Exercises\10_Reflection_Exercises.csproj", "{43A619E3-DB84-4C25-9467-91FFDB8C0815}"
EndProject
Project("{FAE04EC0-301F-11D3-BF4B-00C04F79EFBC}") = "11_Unit_Testing_Lab", "11_Unit_Testing_Lab\11_Unit_Testing_Lab.csproj", "{7008A0FC-B200-49EF-91CD-891609CDC548}"
EndProject
Project("{FAE04EC0-301F-11D3-BF4B-00C04F79EFBC}") = "11_Unit_Testing_Lab.Test", "11_Unit_Testing_Lab.Test\11_Unit_Testing_Lab.Test.csproj", "{A4DC351C-3E33-4C35-84E4-744542513E15}"
EndProject
Project("{FAE04EC0-301F-11D3-BF4B-00C04F79EFBC}") = "12_Unit_Testing_Exercises", "12_Unit_Testing_Exercises\12_Unit_Testing_Exercises.csproj", "{EC448B78-82A7-4815-B3E0-C5B2BE37733F}"
EndProject
Project("{FAE04EC0-301F-11D3-BF4B-00C04F79EFBC}") = "12_Unit_Testing_Exercises.Test", "12_Unit_Testing_Exercises.Test\12_Unit_Testing_Exercises.Test.csproj", "{EFC0FFF0-AB5F-4157-8813-0695D0279675}"
EndProject
Project("{FAE04EC0-301F-11D3-BF4B-00C04F79EFBC}") = "13_SOLID_Lab", "13_SOLID_Lab\13_SOLID_Lab.csproj", "{B2DF9172-C639-4598-A6BA-74B814EFFC4A}"
EndProject
Project("{FAE04EC0-301F-11D3-BF4B-00C04F79EFBC}") = "14_SOLID_Exercises", "14_SOLID_Exercises\14_SOLID_Exercises.csproj", "{8ED5F868-0912-4EFE-A6CF-31FB8D7D1335}"
EndProject
Global
	GlobalSection(SolutionConfigurationPlatforms) = preSolution
		Debug|Any CPU = Debug|Any CPU
		Release|Any CPU = Release|Any CPU
	EndGlobalSection
	GlobalSection(ProjectConfigurationPlatforms) = postSolution
		{3FE93DF7-5D25-42E7-AD5F-EF81AFA0E30E}.Debug|Any CPU.ActiveCfg = Debug|Any CPU
		{3FE93DF7-5D25-42E7-AD5F-EF81AFA0E30E}.Debug|Any CPU.Build.0 = Debug|Any CPU
		{3FE93DF7-5D25-42E7-AD5F-EF81AFA0E30E}.Release|Any CPU.ActiveCfg = Release|Any CPU
		{3FE93DF7-5D25-42E7-AD5F-EF81AFA0E30E}.Release|Any CPU.Build.0 = Release|Any CPU
		{F6F4C89F-02F2-4439-8173-F2D2287FE664}.Debug|Any CPU.ActiveCfg = Debug|Any CPU
		{F6F4C89F-02F2-4439-8173-F2D2287FE664}.Debug|Any CPU.Build.0 = Debug|Any CPU
		{F6F4C89F-02F2-4439-8173-F2D2287FE664}.Release|Any CPU.ActiveCfg = Release|Any CPU
		{F6F4C89F-02F2-4439-8173-F2D2287FE664}.Release|Any CPU.Build.0 = Release|Any CPU
		{92A96FB9-DD1C-42E0-9C34-3A0C47873E2F}.Debug|Any CPU.ActiveCfg = Debug|Any CPU
		{92A96FB9-DD1C-42E0-9C34-3A0C47873E2F}.Debug|Any CPU.Build.0 = Debug|Any CPU
		{92A96FB9-DD1C-42E0-9C34-3A0C47873E2F}.Release|Any CPU.ActiveCfg = Release|Any CPU
		{92A96FB9-DD1C-42E0-9C34-3A0C47873E2F}.Release|Any CPU.Build.0 = Release|Any CPU
		{25162669-F1F3-4D1F-8A5F-4433718B6211}.Debug|Any CPU.ActiveCfg = Debug|Any CPU
		{25162669-F1F3-4D1F-8A5F-4433718B6211}.Debug|Any CPU.Build.0 = Debug|Any CPU
		{25162669-F1F3-4D1F-8A5F-4433718B6211}.Release|Any CPU.ActiveCfg = Release|Any CPU
		{25162669-F1F3-4D1F-8A5F-4433718B6211}.Release|Any CPU.Build.0 = Release|Any CPU
		{8439FE08-B341-4E8D-9446-11EAB4F98051}.Debug|Any CPU.ActiveCfg = Debug|Any CPU
		{8439FE08-B341-4E8D-9446-11EAB4F98051}.Debug|Any CPU.Build.0 = Debug|Any CPU
		{8439FE08-B341-4E8D-9446-11EAB4F98051}.Release|Any CPU.ActiveCfg = Release|Any CPU
		{8439FE08-B341-4E8D-9446-11EAB4F98051}.Release|Any CPU.Build.0 = Release|Any CPU
		{110AD3FF-9076-46A5-9546-4C89D0844748}.Debug|Any CPU.ActiveCfg = Debug|Any CPU
		{110AD3FF-9076-46A5-9546-4C89D0844748}.Debug|Any CPU.Build.0 = Debug|Any CPU
		{110AD3FF-9076-46A5-9546-4C89D0844748}.Release|Any CPU.ActiveCfg = Release|Any CPU
		{110AD3FF-9076-46A5-9546-4C89D0844748}.Release|Any CPU.Build.0 = Release|Any CPU
		{5F874959-B75A-4779-AA33-5213260612D4}.Debug|Any CPU.ActiveCfg = Debug|Any CPU
		{5F874959-B75A-4779-AA33-5213260612D4}.Debug|Any CPU.Build.0 = Debug|Any CPU
		{5F874959-B75A-4779-AA33-5213260612D4}.Release|Any CPU.ActiveCfg = Release|Any CPU
		{5F874959-B75A-4779-AA33-5213260612D4}.Release|Any CPU.Build.0 = Release|Any CPU
		{161D8476-D75A-40E7-9C2B-EFD7F9A47B08}.Debug|Any CPU.ActiveCfg = Debug|Any CPU
		{161D8476-D75A-40E7-9C2B-EFD7F9A47B08}.Debug|Any CPU.Build.0 = Debug|Any CPU
		{161D8476-D75A-40E7-9C2B-EFD7F9A47B08}.Release|Any CPU.ActiveCfg = Release|Any CPU
		{161D8476-D75A-40E7-9C2B-EFD7F9A47B08}.Release|Any CPU.Build.0 = Release|Any CPU
		{C282123C-AF77-4014-BC64-B412A7F5CE0E}.Debug|Any CPU.ActiveCfg = Debug|Any CPU
		{C282123C-AF77-4014-BC64-B412A7F5CE0E}.Debug|Any CPU.Build.0 = Debug|Any CPU
		{C282123C-AF77-4014-BC64-B412A7F5CE0E}.Release|Any CPU.ActiveCfg = Release|Any CPU
		{C282123C-AF77-4014-BC64-B412A7F5CE0E}.Release|Any CPU.Build.0 = Release|Any CPU
		{43A619E3-DB84-4C25-9467-91FFDB8C0815}.Debug|Any CPU.ActiveCfg = Debug|Any CPU
		{43A619E3-DB84-4C25-9467-91FFDB8C0815}.Debug|Any CPU.Build.0 = Debug|Any CPU
		{43A619E3-DB84-4C25-9467-91FFDB8C0815}.Release|Any CPU.ActiveCfg = Release|Any CPU
		{43A619E3-DB84-4C25-9467-91FFDB8C0815}.Release|Any CPU.Build.0 = Release|Any CPU
		{7008A0FC-B200-49EF-91CD-891609CDC548}.Debug|Any CPU.ActiveCfg = Debug|Any CPU
		{7008A0FC-B200-49EF-91CD-891609CDC548}.Debug|Any CPU.Build.0 = Debug|Any CPU
		{7008A0FC-B200-49EF-91CD-891609CDC548}.Release|Any CPU.ActiveCfg = Release|Any CPU
		{7008A0FC-B200-49EF-91CD-891609CDC548}.Release|Any CPU.Build.0 = Release|Any CPU
		{A4DC351C-3E33-4C35-84E4-744542513E15}.Debug|Any CPU.ActiveCfg = Debug|Any CPU
		{A4DC351C-3E33-4C35-84E4-744542513E15}.Debug|Any CPU.Build.0 = Debug|Any CPU
		{A4DC351C-3E33-4C35-84E4-744542513E15}.Release|Any CPU.ActiveCfg = Release|Any CPU
		{A4DC351C-3E33-4C35-84E4-744542513E15}.Release|Any CPU.Build.0 = Release|Any CPU
		{EC448B78-82A7-4815-B3E0-C5B2BE37733F}.Debug|Any CPU.ActiveCfg = Debug|Any CPU
		{EC448B78-82A7-4815-B3E0-C5B2BE37733F}.Debug|Any CPU.Build.0 = Debug|Any CPU
		{EC448B78-82A7-4815-B3E0-C5B2BE37733F}.Release|Any CPU.ActiveCfg = Release|Any CPU
		{EC448B78-82A7-4815-B3E0-C5B2BE37733F}.Release|Any CPU.Build.0 = Release|Any CPU
		{EFC0FFF0-AB5F-4157-8813-0695D0279675}.Debug|Any CPU.ActiveCfg = Debug|Any CPU
		{EFC0FFF0-AB5F-4157-8813-0695D0279675}.Debug|Any CPU.Build.0 = Debug|Any CPU
		{EFC0FFF0-AB5F-4157-8813-0695D0279675}.Release|Any CPU.ActiveCfg = Release|Any CPU
		{EFC0FFF0-AB5F-4157-8813-0695D0279675}.Release|Any CPU.Build.0 = Release|Any CPU
		{B2DF9172-C639-4598-A6BA-74B814EFFC4A}.Debug|Any CPU.ActiveCfg = Debug|Any CPU
		{B2DF9172-C639-4598-A6BA-74B814EFFC4A}.Debug|Any CPU.Build.0 = Debug|Any CPU
		{B2DF9172-C639-4598-A6BA-74B814EFFC4A}.Release|Any CPU.ActiveCfg = Release|Any CPU
		{B2DF9172-C639-4598-A6BA-74B814EFFC4A}.Release|Any CPU.Build.0 = Release|Any CPU
		{8ED5F868-0912-4EFE-A6CF-31FB8D7D1335}.Debug|Any CPU.ActiveCfg = Debug|Any CPU
		{8ED5F868-0912-4EFE-A6CF-31FB8D7D1335}.Debug|Any CPU.Build.0 = Debug|Any CPU
		{8ED5F868-0912-4EFE-A6CF-31FB8D7D1335}.Release|Any CPU.ActiveCfg = Release|Any CPU
		{8ED5F868-0912-4EFE-A6CF-31FB8D7D1335}.Release|Any CPU.Build.0 = Release|Any CPU
	EndGlobalSection
	GlobalSection(SolutionProperties) = preSolution
		HideSolutionNode = FALSE
	EndGlobalSection
EndGlobal
