
Microsoft Visual Studio Solution File, Format Version 12.00
# Visual Studio 14
VisualStudioVersion = 14.0.25420.1
MinimumVisualStudioVersion = 10.0.40219.1
Project("{FAE04EC0-301F-11D3-BF4B-00C04F79EFBC}") = "SampleExam_1_7Aug2016", "SampleExam_1_7Aug2016\SampleExam_1_7Aug2016.csproj", "{15F7ACB3-1792-4DAD-B763-723F0ACFD7EF}"
EndProject
Project("{FAE04EC0-301F-11D3-BF4B-00C04F79EFBC}") = "SampleExam_1_7Aug2016.Test", "SampleExam_1_7Aug2016.Test\SampleExam_1_7Aug2016.Test.csproj", "{D273581B-FB4B-4956-B079-26C1D208D4CD}"
EndProject
Project("{FAE04EC0-301F-11D3-BF4B-00C04F79EFBC}") = "SampleExam_2_Hell", "SampleExam_2\SampleExam_2_Hell.csproj", "{3C9A169B-08A0-4734-9601-EEDD84F7AA37}"
EndProject
Project("{FAE04EC0-301F-11D3-BF4B-00C04F79EFBC}") = "Last Army", "PracticalExam_Last_Army_20Aug2017\Last Army.csproj", "{FA1AC72F-2CD0-4247-9078-B9BD8C9216CC}"
EndProject
Project("{FAE04EC0-301F-11D3-BF4B-00C04F79EFBC}") = "Test", "Test\Test.csproj", "{DA884A68-8727-4698-9D7C-62E5F2671D76}"
EndProject
Project("{FAE04EC0-301F-11D3-BF4B-00C04F79EFBC}") = "Recycling_Station_7August2016_Sample2", "Recycling_Station_7August2016_Sample2\Recycling_Station_7August2016_Sample2.csproj", "{1DEFDAE2-16F6-46ED-8567-94109CFF57FA}"
EndProject
Global
	GlobalSection(SolutionConfigurationPlatforms) = preSolution
		Debug|Any CPU = Debug|Any CPU
		Release|Any CPU = Release|Any CPU
	EndGlobalSection
	GlobalSection(ProjectConfigurationPlatforms) = postSolution
		{15F7ACB3-1792-4DAD-B763-723F0ACFD7EF}.Debug|Any CPU.ActiveCfg = Debug|Any CPU
		{15F7ACB3-1792-4DAD-B763-723F0ACFD7EF}.Debug|Any CPU.Build.0 = Debug|Any CPU
		{15F7ACB3-1792-4DAD-B763-723F0ACFD7EF}.Release|Any CPU.ActiveCfg = Release|Any CPU
		{15F7ACB3-1792-4DAD-B763-723F0ACFD7EF}.Release|Any CPU.Build.0 = Release|Any CPU
		{D273581B-FB4B-4956-B079-26C1D208D4CD}.Debug|Any CPU.ActiveCfg = Debug|Any CPU
		{D273581B-FB4B-4956-B079-26C1D208D4CD}.Debug|Any CPU.Build.0 = Debug|Any CPU
		{D273581B-FB4B-4956-B079-26C1D208D4CD}.Release|Any CPU.ActiveCfg = Release|Any CPU
		{D273581B-FB4B-4956-B079-26C1D208D4CD}.Release|Any CPU.Build.0 = Release|Any CPU
		{3C9A169B-08A0-4734-9601-EEDD84F7AA37}.Debug|Any CPU.ActiveCfg = Debug|Any CPU
		{3C9A169B-08A0-4734-9601-EEDD84F7AA37}.Debug|Any CPU.Build.0 = Debug|Any CPU
		{3C9A169B-08A0-4734-9601-EEDD84F7AA37}.Release|Any CPU.ActiveCfg = Release|Any CPU
		{3C9A169B-08A0-4734-9601-EEDD84F7AA37}.Release|Any CPU.Build.0 = Release|Any CPU
		{FA1AC72F-2CD0-4247-9078-B9BD8C9216CC}.Debug|Any CPU.ActiveCfg = Debug|Any CPU
		{FA1AC72F-2CD0-4247-9078-B9BD8C9216CC}.Debug|Any CPU.Build.0 = Debug|Any CPU
		{FA1AC72F-2CD0-4247-9078-B9BD8C9216CC}.Release|Any CPU.ActiveCfg = Release|Any CPU
		{FA1AC72F-2CD0-4247-9078-B9BD8C9216CC}.Release|Any CPU.Build.0 = Release|Any CPU
		{DA884A68-8727-4698-9D7C-62E5F2671D76}.Debug|Any CPU.ActiveCfg = Debug|Any CPU
		{DA884A68-8727-4698-9D7C-62E5F2671D76}.Debug|Any CPU.Build.0 = Debug|Any CPU
		{DA884A68-8727-4698-9D7C-62E5F2671D76}.Release|Any CPU.ActiveCfg = Release|Any CPU
		{DA884A68-8727-4698-9D7C-62E5F2671D76}.Release|Any CPU.Build.0 = Release|Any CPU
		{1DEFDAE2-16F6-46ED-8567-94109CFF57FA}.Debug|Any CPU.ActiveCfg = Debug|Any CPU
		{1DEFDAE2-16F6-46ED-8567-94109CFF57FA}.Debug|Any CPU.Build.0 = Debug|Any CPU
		{1DEFDAE2-16F6-46ED-8567-94109CFF57FA}.Release|Any CPU.ActiveCfg = Release|Any CPU
		{1DEFDAE2-16F6-46ED-8567-94109CFF57FA}.Release|Any CPU.Build.0 = Release|Any CPU
	EndGlobalSection
	GlobalSection(SolutionProperties) = preSolution
		HideSolutionNode = FALSE
	EndGlobalSection
	GlobalSection(ExtensibilityGlobals) = postSolution
		SolutionGuid = {E6E99C40-B001-4C53-A31C-51508EBB083F}
	EndGlobalSection
EndGlobal
