
Microsoft Visual Studio Solution File, Format Version 12.00
# Visual Studio 14
VisualStudioVersion = 14.0.25420.1
MinimumVisualStudioVersion = 10.0.40219.1
Project("{FAE04EC0-301F-11D3-BF4B-00C04F79EFBC}") = "Basic_Tree", "Basic_Tree\Basic_Tree.csproj", "{F4E3F607-D349-4C13-9A02-3A3EEDE12102}"
EndProject
Project("{FAE04EC0-301F-11D3-BF4B-00C04F79EFBC}") = "Basic_Tree_2", "Basic_Tree_2\Basic_Tree_2.csproj", "{F3A174F0-B704-4655-A754-2EE9BC1955CC}"
EndProject
Global
	GlobalSection(SolutionConfigurationPlatforms) = preSolution
		Debug|Any CPU = Debug|Any CPU
		Release|Any CPU = Release|Any CPU
	EndGlobalSection
	GlobalSection(ProjectConfigurationPlatforms) = postSolution
		{F4E3F607-D349-4C13-9A02-3A3EEDE12102}.Debug|Any CPU.ActiveCfg = Debug|Any CPU
		{F4E3F607-D349-4C13-9A02-3A3EEDE12102}.Debug|Any CPU.Build.0 = Debug|Any CPU
		{F4E3F607-D349-4C13-9A02-3A3EEDE12102}.Release|Any CPU.ActiveCfg = Release|Any CPU
		{F4E3F607-D349-4C13-9A02-3A3EEDE12102}.Release|Any CPU.Build.0 = Release|Any CPU
		{F3A174F0-B704-4655-A754-2EE9BC1955CC}.Debug|Any CPU.ActiveCfg = Debug|Any CPU
		{F3A174F0-B704-4655-A754-2EE9BC1955CC}.Debug|Any CPU.Build.0 = Debug|Any CPU
		{F3A174F0-B704-4655-A754-2EE9BC1955CC}.Release|Any CPU.ActiveCfg = Release|Any CPU
		{F3A174F0-B704-4655-A754-2EE9BC1955CC}.Release|Any CPU.Build.0 = Release|Any CPU
	EndGlobalSection
	GlobalSection(SolutionProperties) = preSolution
		HideSolutionNode = FALSE
	EndGlobalSection
EndGlobal
