
Microsoft Visual Studio Solution File, Format Version 12.00
# Visual Studio 15
VisualStudioVersion = 15.0.27428.1
MinimumVisualStudioVersion = 10.0.40219.1
Project("{9A19103F-16F7-4668-BE54-9A1E7A4F7556}") = "Forum.App", "Forum.App\Forum.App.csproj", "{9392C7D7-8764-472A-93B0-EF75A03FFEEE}"
EndProject
Project("{9A19103F-16F7-4668-BE54-9A1E7A4F7556}") = "Forum.Models", "Forum.Models\Forum.Models.csproj", "{310DC5C8-CB41-4C75-BF52-610B1BB02D23}"
EndProject
Project("{FAE04EC0-301F-11D3-BF4B-00C04F79EFBC}") = "Forum.Data", "Forum.Data\Forum.Data.csproj", "{489B66D1-CB06-480A-8F90-72B8FCB1564E}"
EndProject
Global
	GlobalSection(SolutionConfigurationPlatforms) = preSolution
		Debug|Any CPU = Debug|Any CPU
		Release|Any CPU = Release|Any CPU
	EndGlobalSection
	GlobalSection(ProjectConfigurationPlatforms) = postSolution
		{9392C7D7-8764-472A-93B0-EF75A03FFEEE}.Debug|Any CPU.ActiveCfg = Debug|Any CPU
		{9392C7D7-8764-472A-93B0-EF75A03FFEEE}.Debug|Any CPU.Build.0 = Debug|Any CPU
		{9392C7D7-8764-472A-93B0-EF75A03FFEEE}.Release|Any CPU.ActiveCfg = Release|Any CPU
		{9392C7D7-8764-472A-93B0-EF75A03FFEEE}.Release|Any CPU.Build.0 = Release|Any CPU
		{310DC5C8-CB41-4C75-BF52-610B1BB02D23}.Debug|Any CPU.ActiveCfg = Debug|Any CPU
		{310DC5C8-CB41-4C75-BF52-610B1BB02D23}.Debug|Any CPU.Build.0 = Debug|Any CPU
		{310DC5C8-CB41-4C75-BF52-610B1BB02D23}.Release|Any CPU.ActiveCfg = Release|Any CPU
		{310DC5C8-CB41-4C75-BF52-610B1BB02D23}.Release|Any CPU.Build.0 = Release|Any CPU
		{489B66D1-CB06-480A-8F90-72B8FCB1564E}.Debug|Any CPU.ActiveCfg = Debug|Any CPU
		{489B66D1-CB06-480A-8F90-72B8FCB1564E}.Debug|Any CPU.Build.0 = Debug|Any CPU
		{489B66D1-CB06-480A-8F90-72B8FCB1564E}.Release|Any CPU.ActiveCfg = Release|Any CPU
		{489B66D1-CB06-480A-8F90-72B8FCB1564E}.Release|Any CPU.Build.0 = Release|Any CPU
	EndGlobalSection
	GlobalSection(SolutionProperties) = preSolution
		HideSolutionNode = FALSE
	EndGlobalSection
	GlobalSection(ExtensibilityGlobals) = postSolution
		SolutionGuid = {BEB299D5-A5F9-45D7-9094-7808BDA25665}
	EndGlobalSection
EndGlobal
