
Microsoft Visual Studio Solution File, Format Version 12.00
# Visual Studio 15
VisualStudioVersion = 15.0.27428.1
MinimumVisualStudioVersion = 10.0.40219.1
Project("{FAE04EC0-301F-11D3-BF4B-00C04F79EFBC}") = "BashSoft", "BashSoft\BashSoft.csproj", "{F0058B56-5400-400E-BAAB-3FBDE850E346}"
EndProject
Project("{FAE04EC0-301F-11D3-BF4B-00C04F79EFBC}") = "SimpleJudge", "SimpleJudge\SimpleJudge.csproj", "{685BC7C1-F9F6-4FB0-9479-55A49A974DDB}"
EndProject
Project("{FAE04EC0-301F-11D3-BF4B-00C04F79EFBC}") = "BashSoft_OOP", "BashSoft_OOP\BashSoft_OOP.csproj", "{284471E9-9175-4D4E-A8AC-58B9253844E5}"
EndProject
Project("{FAE04EC0-301F-11D3-BF4B-00C04F79EFBC}") = "BashSoft_Basic", "BashSoft_Basic\BashSoft_Basic.csproj", "{1F4F49CA-769A-4C33-912C-76CD389DC4F5}"
EndProject
Global
	GlobalSection(SolutionConfigurationPlatforms) = preSolution
		Debug|Any CPU = Debug|Any CPU
		Release|Any CPU = Release|Any CPU
	EndGlobalSection
	GlobalSection(ProjectConfigurationPlatforms) = postSolution
		{F0058B56-5400-400E-BAAB-3FBDE850E346}.Debug|Any CPU.ActiveCfg = Debug|Any CPU
		{F0058B56-5400-400E-BAAB-3FBDE850E346}.Debug|Any CPU.Build.0 = Debug|Any CPU
		{F0058B56-5400-400E-BAAB-3FBDE850E346}.Release|Any CPU.ActiveCfg = Release|Any CPU
		{F0058B56-5400-400E-BAAB-3FBDE850E346}.Release|Any CPU.Build.0 = Release|Any CPU
		{685BC7C1-F9F6-4FB0-9479-55A49A974DDB}.Debug|Any CPU.ActiveCfg = Debug|Any CPU
		{685BC7C1-F9F6-4FB0-9479-55A49A974DDB}.Debug|Any CPU.Build.0 = Debug|Any CPU
		{685BC7C1-F9F6-4FB0-9479-55A49A974DDB}.Release|Any CPU.ActiveCfg = Release|Any CPU
		{685BC7C1-F9F6-4FB0-9479-55A49A974DDB}.Release|Any CPU.Build.0 = Release|Any CPU
		{284471E9-9175-4D4E-A8AC-58B9253844E5}.Debug|Any CPU.ActiveCfg = Debug|Any CPU
		{284471E9-9175-4D4E-A8AC-58B9253844E5}.Debug|Any CPU.Build.0 = Debug|Any CPU
		{284471E9-9175-4D4E-A8AC-58B9253844E5}.Release|Any CPU.ActiveCfg = Release|Any CPU
		{284471E9-9175-4D4E-A8AC-58B9253844E5}.Release|Any CPU.Build.0 = Release|Any CPU
		{1F4F49CA-769A-4C33-912C-76CD389DC4F5}.Debug|Any CPU.ActiveCfg = Debug|Any CPU
		{1F4F49CA-769A-4C33-912C-76CD389DC4F5}.Debug|Any CPU.Build.0 = Debug|Any CPU
		{1F4F49CA-769A-4C33-912C-76CD389DC4F5}.Release|Any CPU.ActiveCfg = Release|Any CPU
		{1F4F49CA-769A-4C33-912C-76CD389DC4F5}.Release|Any CPU.Build.0 = Release|Any CPU
	EndGlobalSection
	GlobalSection(SolutionProperties) = preSolution
		HideSolutionNode = FALSE
	EndGlobalSection
	GlobalSection(ExtensibilityGlobals) = postSolution
		SolutionGuid = {7BA98D7D-AF86-4C8A-A1C3-E1503566CBA6}
	EndGlobalSection
EndGlobal
