
Microsoft Visual Studio Solution File, Format Version 12.00
# Visual Studio 14
VisualStudioVersion = 14.0.25420.1
MinimumVisualStudioVersion = 10.0.40219.1
Project("{FAE04EC0-301F-11D3-BF4B-00C04F79EFBC}") = "01_Defining_Classes_Lab", "01_Defining_Classes_Lab\01_Defining_Classes_Lab.csproj", "{F782AD87-DFD8-4C17-B2F7-ADC90DB233AC}"
EndProject
Project("{FAE04EC0-301F-11D3-BF4B-00C04F79EFBC}") = "02_Defining_Classes_Exercises", "02_Defining_Classes_Exercises\02_Defining_Classes_Exercises.csproj", "{EA1EDA52-FF73-4625-B2AE-FD21AA88C99E}"
EndProject
Project("{FAE04EC0-301F-11D3-BF4B-00C04F79EFBC}") = "03_Encapsulation_Lab", "03_Encapsulation_Lab\03_Encapsulation_Lab.csproj", "{AE524062-A239-44B4-9119-4AD33C115D1D}"
EndProject
Project("{FAE04EC0-301F-11D3-BF4B-00C04F79EFBC}") = "04_Encapsulation_Exercises", "04_Encapsulation_Exercises\04_Encapsulation_Exercises.csproj", "{17EA5CA2-8B26-4E64-A359-D3376B997A8C}"
EndProject
Global
	GlobalSection(SolutionConfigurationPlatforms) = preSolution
		Debug|Any CPU = Debug|Any CPU
		Release|Any CPU = Release|Any CPU
	EndGlobalSection
	GlobalSection(ProjectConfigurationPlatforms) = postSolution
		{F782AD87-DFD8-4C17-B2F7-ADC90DB233AC}.Debug|Any CPU.ActiveCfg = Debug|Any CPU
		{F782AD87-DFD8-4C17-B2F7-ADC90DB233AC}.Debug|Any CPU.Build.0 = Debug|Any CPU
		{F782AD87-DFD8-4C17-B2F7-ADC90DB233AC}.Release|Any CPU.ActiveCfg = Release|Any CPU
		{F782AD87-DFD8-4C17-B2F7-ADC90DB233AC}.Release|Any CPU.Build.0 = Release|Any CPU
		{EA1EDA52-FF73-4625-B2AE-FD21AA88C99E}.Debug|Any CPU.ActiveCfg = Debug|Any CPU
		{EA1EDA52-FF73-4625-B2AE-FD21AA88C99E}.Debug|Any CPU.Build.0 = Debug|Any CPU
		{EA1EDA52-FF73-4625-B2AE-FD21AA88C99E}.Release|Any CPU.ActiveCfg = Release|Any CPU
		{EA1EDA52-FF73-4625-B2AE-FD21AA88C99E}.Release|Any CPU.Build.0 = Release|Any CPU
		{AE524062-A239-44B4-9119-4AD33C115D1D}.Debug|Any CPU.ActiveCfg = Debug|Any CPU
		{AE524062-A239-44B4-9119-4AD33C115D1D}.Debug|Any CPU.Build.0 = Debug|Any CPU
		{AE524062-A239-44B4-9119-4AD33C115D1D}.Release|Any CPU.ActiveCfg = Release|Any CPU
		{AE524062-A239-44B4-9119-4AD33C115D1D}.Release|Any CPU.Build.0 = Release|Any CPU
		{17EA5CA2-8B26-4E64-A359-D3376B997A8C}.Debug|Any CPU.ActiveCfg = Debug|Any CPU
		{17EA5CA2-8B26-4E64-A359-D3376B997A8C}.Debug|Any CPU.Build.0 = Debug|Any CPU
		{17EA5CA2-8B26-4E64-A359-D3376B997A8C}.Release|Any CPU.ActiveCfg = Release|Any CPU
		{17EA5CA2-8B26-4E64-A359-D3376B997A8C}.Release|Any CPU.Build.0 = Release|Any CPU
	EndGlobalSection
	GlobalSection(SolutionProperties) = preSolution
		HideSolutionNode = FALSE
	EndGlobalSection
EndGlobal
