
Microsoft Visual Studio Solution File, Format Version 12.00
# Visual Studio 14
VisualStudioVersion = 14.0.25420.1
MinimumVisualStudioVersion = 10.0.40219.1
Project("{FAE04EC0-301F-11D3-BF4B-00C04F79EFBC}") = "PhotoShare.Models", "PhotoShare.Models\PhotoShare.Models.csproj", "{04D73928-D669-4436-8B76-5C6C7F755602}"
EndProject
Project("{FAE04EC0-301F-11D3-BF4B-00C04F79EFBC}") = "PhotoShare.Data", "PhotoShare.Data\PhotoShare.Data.csproj", "{B114D672-38CE-45EA-BDB9-64291111EA3B}"
EndProject
Project("{FAE04EC0-301F-11D3-BF4B-00C04F79EFBC}") = "PhotoShare.Service", "PhotoShare.Service\PhotoShare.Service.csproj", "{372328A0-5FA4-4B37-BBC8-44C3CE957497}"
EndProject
Project("{FAE04EC0-301F-11D3-BF4B-00C04F79EFBC}") = "PhotoShare.Clients", "PhotoShare.Clients\PhotoShare.Clients.csproj", "{4AD7C074-73CB-41F8-A43C-5810157C315C}"
EndProject
Global
	GlobalSection(SolutionConfigurationPlatforms) = preSolution
		Debug|Any CPU = Debug|Any CPU
		Release|Any CPU = Release|Any CPU
	EndGlobalSection
	GlobalSection(ProjectConfigurationPlatforms) = postSolution
		{04D73928-D669-4436-8B76-5C6C7F755602}.Debug|Any CPU.ActiveCfg = Debug|Any CPU
		{04D73928-D669-4436-8B76-5C6C7F755602}.Debug|Any CPU.Build.0 = Debug|Any CPU
		{04D73928-D669-4436-8B76-5C6C7F755602}.Release|Any CPU.ActiveCfg = Release|Any CPU
		{04D73928-D669-4436-8B76-5C6C7F755602}.Release|Any CPU.Build.0 = Release|Any CPU
		{B114D672-38CE-45EA-BDB9-64291111EA3B}.Debug|Any CPU.ActiveCfg = Debug|Any CPU
		{B114D672-38CE-45EA-BDB9-64291111EA3B}.Debug|Any CPU.Build.0 = Debug|Any CPU
		{B114D672-38CE-45EA-BDB9-64291111EA3B}.Release|Any CPU.ActiveCfg = Release|Any CPU
		{B114D672-38CE-45EA-BDB9-64291111EA3B}.Release|Any CPU.Build.0 = Release|Any CPU
		{372328A0-5FA4-4B37-BBC8-44C3CE957497}.Debug|Any CPU.ActiveCfg = Debug|Any CPU
		{372328A0-5FA4-4B37-BBC8-44C3CE957497}.Debug|Any CPU.Build.0 = Debug|Any CPU
		{372328A0-5FA4-4B37-BBC8-44C3CE957497}.Release|Any CPU.ActiveCfg = Release|Any CPU
		{372328A0-5FA4-4B37-BBC8-44C3CE957497}.Release|Any CPU.Build.0 = Release|Any CPU
		{4AD7C074-73CB-41F8-A43C-5810157C315C}.Debug|Any CPU.ActiveCfg = Debug|Any CPU
		{4AD7C074-73CB-41F8-A43C-5810157C315C}.Debug|Any CPU.Build.0 = Debug|Any CPU
		{4AD7C074-73CB-41F8-A43C-5810157C315C}.Release|Any CPU.ActiveCfg = Release|Any CPU
		{4AD7C074-73CB-41F8-A43C-5810157C315C}.Release|Any CPU.Build.0 = Release|Any CPU
	EndGlobalSection
	GlobalSection(SolutionProperties) = preSolution
		HideSolutionNode = FALSE
	EndGlobalSection
EndGlobal
