
Microsoft Visual Studio Solution File, Format Version 12.00
# Visual Studio 14
VisualStudioVersion = 14.0.25420.1
MinimumVisualStudioVersion = 10.0.40219.1
Project("{FAE04EC0-301F-11D3-BF4B-00C04F79EFBC}") = "Exercise_01_Raw_Data", "Exercise_01_Raw_Data\Exercise_01_Raw_Data.csproj", "{B937C01F-9A07-486E-B591-8E327B35DF8C}"
EndProject
Project("{FAE04EC0-301F-11D3-BF4B-00C04F79EFBC}") = "Exercise_05_Greedy_Times", "Exercise_05_Greedy_Times\Exercise_05_Greedy_Times.csproj", "{2C722CC2-9982-42E6-9AE1-3CB2A259A524}"
EndProject
Global
	GlobalSection(SolutionConfigurationPlatforms) = preSolution
		Debug|Any CPU = Debug|Any CPU
		Release|Any CPU = Release|Any CPU
	EndGlobalSection
	GlobalSection(ProjectConfigurationPlatforms) = postSolution
		{B937C01F-9A07-486E-B591-8E327B35DF8C}.Debug|Any CPU.ActiveCfg = Debug|Any CPU
		{B937C01F-9A07-486E-B591-8E327B35DF8C}.Debug|Any CPU.Build.0 = Debug|Any CPU
		{B937C01F-9A07-486E-B591-8E327B35DF8C}.Release|Any CPU.ActiveCfg = Release|Any CPU
		{B937C01F-9A07-486E-B591-8E327B35DF8C}.Release|Any CPU.Build.0 = Release|Any CPU
		{2C722CC2-9982-42E6-9AE1-3CB2A259A524}.Debug|Any CPU.ActiveCfg = Debug|Any CPU
		{2C722CC2-9982-42E6-9AE1-3CB2A259A524}.Debug|Any CPU.Build.0 = Debug|Any CPU
		{2C722CC2-9982-42E6-9AE1-3CB2A259A524}.Release|Any CPU.ActiveCfg = Release|Any CPU
		{2C722CC2-9982-42E6-9AE1-3CB2A259A524}.Release|Any CPU.Build.0 = Release|Any CPU
	EndGlobalSection
	GlobalSection(SolutionProperties) = preSolution
		HideSolutionNode = FALSE
	EndGlobalSection
EndGlobal
